
Microsoft Visual Studio Solution File, Format Version 12.00
# Visual Studio Version 17
VisualStudioVersion = 17.3.32901.215
MinimumVisualStudioVersion = 10.0.40219.1
Project("{FAE04EC0-301F-11D3-BF4B-00C04F79EFBC}") = "manav-çalışması", "manav-çalışması\manav-çalışması.csproj", "{079F0D4A-AEF0-4653-A6CB-15ABA4E66FEE}"
EndProject
Global
	GlobalSection(SolutionConfigurationPlatforms) = preSolution
		Debug|Any CPU = Debug|Any CPU
		Release|Any CPU = Release|Any CPU
	EndGlobalSection
	GlobalSection(ProjectConfigurationPlatforms) = postSolution
		{079F0D4A-AEF0-4653-A6CB-15ABA4E66FEE}.Debug|Any CPU.ActiveCfg = Debug|Any CPU
		{079F0D4A-AEF0-4653-A6CB-15ABA4E66FEE}.Debug|Any CPU.Build.0 = Debug|Any CPU
		{079F0D4A-AEF0-4653-A6CB-15ABA4E66FEE}.Release|Any CPU.ActiveCfg = Release|Any CPU
		{079F0D4A-AEF0-4653-A6CB-15ABA4E66FEE}.Release|Any CPU.Build.0 = Release|Any CPU
	EndGlobalSection
	GlobalSection(SolutionProperties) = preSolution
		HideSolutionNode = FALSE
	EndGlobalSection
	GlobalSection(ExtensibilityGlobals) = postSolution
		SolutionGuid = {EF5B639E-A9B1-4C81-8316-816D0A3F4AB3}
	EndGlobalSection
EndGlobal
